
Microsoft Visual Studio Solution File, Format Version 10.00
# Visual Studio 2008
Project("{54435603-DBB4-11D2-8724-00A0C9A8B90C}") = "Setup", "Setup\Setup.vdproj", "{6B2654E9-426A-40A9-A3F7-792211143E16}"
EndProject
Global
	GlobalSection(SolutionConfigurationPlatforms) = preSolution
		Debug|Default = Debug|Default
		Release|Default = Release|Default
	EndGlobalSection
	GlobalSection(ProjectConfigurationPlatforms) = postSolution
		{6B2654E9-426A-40A9-A3F7-792211143E16}.Debug|Default.ActiveCfg = Debug
		{6B2654E9-426A-40A9-A3F7-792211143E16}.Debug|Default.Build.0 = Debug
		{6B2654E9-426A-40A9-A3F7-792211143E16}.Release|Default.ActiveCfg = Release
		{6B2654E9-426A-40A9-A3F7-792211143E16}.Release|Default.Build.0 = Release
	EndGlobalSection
	GlobalSection(SolutionProperties) = preSolution
		HideSolutionNode = FALSE
	EndGlobalSection
EndGlobal
