
Microsoft Visual Studio Solution File, Format Version 9.00
# Visual Studio 2005
Project("{8BC9CEB8-8B4A-11D0-8D11-00A0C91BC942}") = "CropFilter", "DirectShowFilters\CropFilter\CropFilter.vcproj", "{420C1281-9A86-4F5F-B36F-686138A54592}"
	ProjectSection(ProjectDependencies) = postProject
		{E8A3F6FA-AE1C-4C8E-A0B6-9C8480324EAA} = {E8A3F6FA-AE1C-4C8E-A0B6-9C8480324EAA}
	EndProjectSection
EndProject
Project("{8BC9CEB8-8B4A-11D0-8D11-00A0C91BC942}") = "RGBtoYUV420Filter", "DirectShowFilters\RGBtoYUV420Filter\RGBtoYUV420Filter.vcproj", "{0259B0A2-D2A1-4F9E-B702-2BF27119BDB7}"
	ProjectSection(ProjectDependencies) = postProject
		{E8A3F6FA-AE1C-4C8E-A0B6-9C8480324EAA} = {E8A3F6FA-AE1C-4C8E-A0B6-9C8480324EAA}
	EndProjectSection
EndProject
Project("{8BC9CEB8-8B4A-11D0-8D11-00A0C91BC942}") = "ScaleFilter", "DirectShowFilters\ScaleFilter\ScaleFilter.vcproj", "{4C5CFE52-20C3-4EAE-AF77-0F3E38F82A9D}"
	ProjectSection(ProjectDependencies) = postProject
		{E8A3F6FA-AE1C-4C8E-A0B6-9C8480324EAA} = {E8A3F6FA-AE1C-4C8E-A0B6-9C8480324EAA}
	EndProjectSection
EndProject
Project("{8BC9CEB8-8B4A-11D0-8D11-00A0C91BC942}") = "YUV420ToRGBFilter", "DirectShowFilters\YUV420ToRGBFilter\YUV420ToRGBFilter.vcproj", "{B493B382-8041-40AB-8252-B94DFF585283}"
	ProjectSection(ProjectDependencies) = postProject
		{E8A3F6FA-AE1C-4C8E-A0B6-9C8480324EAA} = {E8A3F6FA-AE1C-4C8E-A0B6-9C8480324EAA}
	EndProjectSection
EndProject
Project("{8BC9CEB8-8B4A-11D0-8D11-00A0C91BC942}") = "DirectShow", "RtvcLib\DirectShow\DirectShow.vcproj", "{382B7FFF-3C67-4370-8D39-2FB7FD1693E1}"
	ProjectSection(ProjectDependencies) = postProject
		{E8A3F6FA-AE1C-4C8E-A0B6-9C8480324EAA} = {E8A3F6FA-AE1C-4C8E-A0B6-9C8480324EAA}
	EndProjectSection
EndProject
Project("{8BC9CEB8-8B4A-11D0-8D11-00A0C91BC942}") = "Image", "RtvcLib\Image\Image.vcproj", "{00930375-8B79-4D36-9B1F-E45D3EAC51A0}"
	ProjectSection(ProjectDependencies) = postProject
		{E8A3F6FA-AE1C-4C8E-A0B6-9C8480324EAA} = {E8A3F6FA-AE1C-4C8E-A0B6-9C8480324EAA}
		{382B7FFF-3C67-4370-8D39-2FB7FD1693E1} = {382B7FFF-3C67-4370-8D39-2FB7FD1693E1}
	EndProjectSection
EndProject
Project("{8BC9CEB8-8B4A-11D0-8D11-00A0C91BC942}") = "RtspSourceFilter", "DirectShowFilters\RtspSourceFilter\RtspSourceFilter.vcproj", "{462E6BFB-7A45-4B8F-A980-8F85164A0437}"
	ProjectSection(ProjectDependencies) = postProject
		{F11B43F2-53A3-4F0D-9D0E-52723E4E98BC} = {F11B43F2-53A3-4F0D-9D0E-52723E4E98BC}
		{E8A3F6FA-AE1C-4C8E-A0B6-9C8480324EAA} = {E8A3F6FA-AE1C-4C8E-A0B6-9C8480324EAA}
	EndProjectSection
EndProject
Project("{8BC9CEB8-8B4A-11D0-8D11-00A0C91BC942}") = "Tee", "DirectShowFilters\Tee\Tee.vcproj", "{D25D999F-96D5-476E-B03A-0E5474DF1FBD}"
	ProjectSection(ProjectDependencies) = postProject
		{E8A3F6FA-AE1C-4C8E-A0B6-9C8480324EAA} = {E8A3F6FA-AE1C-4C8E-A0B6-9C8480324EAA}
	EndProjectSection
EndProject
Project("{8BC9CEB8-8B4A-11D0-8D11-00A0C91BC942}") = "BaseClasses", "3rdParty\BaseClasses\baseclasses.vcproj", "{E8A3F6FA-AE1C-4C8E-A0B6-9C8480324EAA}"
EndProject
Project("{8BC9CEB8-8B4A-11D0-8D11-00A0C91BC942}") = "liveMedia", "3rdParty\liveMedia\liveMedia.vcproj", "{F11B43F2-53A3-4F0D-9D0E-52723E4E98BC}"
EndProject
Project("{8BC9CEB8-8B4A-11D0-8D11-00A0C91BC942}") = "PicInPicFilter", "DirectShowFilters\PicInPicFilter\PicInPicFilter.vcproj", "{05A99009-23E7-47A0-844C-700D37D36F33}"
EndProject
Project("{8BC9CEB8-8B4A-11D0-8D11-00A0C91BC942}") = "VideoMixingFilter", "DirectShowFilters\VideoMixingFilter\VideoMixingFilter.vcproj", "{35B95D64-36AA-45DF-AF32-8ABED588AECE}"
EndProject
Project("{8BC9CEB8-8B4A-11D0-8D11-00A0C91BC942}") = "TimestampLoggerFilter", "DirectShowFilters\TimestampLoggerFilter\TimestampLoggerFilter.vcproj", "{834C9E50-4FC6-4F2D-80F3-9E7530221768}"
EndProject
Project("{8BC9CEB8-8B4A-11D0-8D11-00A0C91BC942}") = "RotateFilter", "DirectShowFilters\RotateFilter\RotateFilter.vcproj", "{22A7CA13-A0A7-4F7D-8B12-5E61515F04E0}"
EndProject
Project("{8BC9CEB8-8B4A-11D0-8D11-00A0C91BC942}") = "YuvSource", "DirectShowFilters\YuvSource\YuvSource.vcproj", "{39469123-3EB7-45F3-A15B-3854DFD2C2EB}"
	ProjectSection(ProjectDependencies) = postProject
		{382B7FFF-3C67-4370-8D39-2FB7FD1693E1} = {382B7FFF-3C67-4370-8D39-2FB7FD1693E1}
		{E8A3F6FA-AE1C-4C8E-A0B6-9C8480324EAA} = {E8A3F6FA-AE1C-4C8E-A0B6-9C8480324EAA}
	EndProjectSection
EndProject
Project("{8BC9CEB8-8B4A-11D0-8D11-00A0C91BC942}") = "FramerateDisplayFilter", "DirectShowFilters\FramerateDisplayFilter\FramerateDisplayFilter.vcproj", "{588AEAE9-3E07-420B-B51D-D9D2E81D4EC8}"
EndProject
Project("{8BC9CEB8-8B4A-11D0-8D11-00A0C91BC942}") = "AudioMixingFilter", "DirectShowFilters\AudioMixingFilter\AudioMixingFilter.vcproj", "{2F6EF741-0EE0-4580-88BE-35E556387D45}"
EndProject
Global
	GlobalSection(SolutionConfigurationPlatforms) = preSolution
		Debug|Win32 = Debug|Win32
		Release|Win32 = Release|Win32
	EndGlobalSection
	GlobalSection(ProjectConfigurationPlatforms) = postSolution
		{420C1281-9A86-4F5F-B36F-686138A54592}.Debug|Win32.ActiveCfg = Debug|Win32
		{420C1281-9A86-4F5F-B36F-686138A54592}.Debug|Win32.Build.0 = Debug|Win32
		{420C1281-9A86-4F5F-B36F-686138A54592}.Release|Win32.ActiveCfg = Release|Win32
		{420C1281-9A86-4F5F-B36F-686138A54592}.Release|Win32.Build.0 = Release|Win32
		{0259B0A2-D2A1-4F9E-B702-2BF27119BDB7}.Debug|Win32.ActiveCfg = Debug|Win32
		{0259B0A2-D2A1-4F9E-B702-2BF27119BDB7}.Debug|Win32.Build.0 = Debug|Win32
		{0259B0A2-D2A1-4F9E-B702-2BF27119BDB7}.Release|Win32.ActiveCfg = Release|Win32
		{0259B0A2-D2A1-4F9E-B702-2BF27119BDB7}.Release|Win32.Build.0 = Release|Win32
		{4C5CFE52-20C3-4EAE-AF77-0F3E38F82A9D}.Debug|Win32.ActiveCfg = Debug|Win32
		{4C5CFE52-20C3-4EAE-AF77-0F3E38F82A9D}.Debug|Win32.Build.0 = Debug|Win32
		{4C5CFE52-20C3-4EAE-AF77-0F3E38F82A9D}.Release|Win32.ActiveCfg = Release|Win32
		{4C5CFE52-20C3-4EAE-AF77-0F3E38F82A9D}.Release|Win32.Build.0 = Release|Win32
		{B493B382-8041-40AB-8252-B94DFF585283}.Debug|Win32.ActiveCfg = Debug|Win32
		{B493B382-8041-40AB-8252-B94DFF585283}.Debug|Win32.Build.0 = Debug|Win32
		{B493B382-8041-40AB-8252-B94DFF585283}.Release|Win32.ActiveCfg = Release|Win32
		{B493B382-8041-40AB-8252-B94DFF585283}.Release|Win32.Build.0 = Release|Win32
		{382B7FFF-3C67-4370-8D39-2FB7FD1693E1}.Debug|Win32.ActiveCfg = Debug|Win32
		{382B7FFF-3C67-4370-8D39-2FB7FD1693E1}.Debug|Win32.Build.0 = Debug|Win32
		{382B7FFF-3C67-4370-8D39-2FB7FD1693E1}.Release|Win32.ActiveCfg = Release|Win32
		{382B7FFF-3C67-4370-8D39-2FB7FD1693E1}.Release|Win32.Build.0 = Release|Win32
		{00930375-8B79-4D36-9B1F-E45D3EAC51A0}.Debug|Win32.ActiveCfg = Debug|Win32
		{00930375-8B79-4D36-9B1F-E45D3EAC51A0}.Debug|Win32.Build.0 = Debug|Win32
		{00930375-8B79-4D36-9B1F-E45D3EAC51A0}.Release|Win32.ActiveCfg = Release|Win32
		{00930375-8B79-4D36-9B1F-E45D3EAC51A0}.Release|Win32.Build.0 = Release|Win32
		{462E6BFB-7A45-4B8F-A980-8F85164A0437}.Debug|Win32.ActiveCfg = Debug|Win32
		{462E6BFB-7A45-4B8F-A980-8F85164A0437}.Debug|Win32.Build.0 = Debug|Win32
		{462E6BFB-7A45-4B8F-A980-8F85164A0437}.Release|Win32.ActiveCfg = Release|Win32
		{462E6BFB-7A45-4B8F-A980-8F85164A0437}.Release|Win32.Build.0 = Release|Win32
		{D25D999F-96D5-476E-B03A-0E5474DF1FBD}.Debug|Win32.ActiveCfg = Debug|Win32
		{D25D999F-96D5-476E-B03A-0E5474DF1FBD}.Debug|Win32.Build.0 = Debug|Win32
		{D25D999F-96D5-476E-B03A-0E5474DF1FBD}.Release|Win32.ActiveCfg = Release|Win32
		{D25D999F-96D5-476E-B03A-0E5474DF1FBD}.Release|Win32.Build.0 = Release|Win32
		{E8A3F6FA-AE1C-4C8E-A0B6-9C8480324EAA}.Debug|Win32.ActiveCfg = Debug|Win32
		{E8A3F6FA-AE1C-4C8E-A0B6-9C8480324EAA}.Debug|Win32.Build.0 = Debug|Win32
		{E8A3F6FA-AE1C-4C8E-A0B6-9C8480324EAA}.Release|Win32.ActiveCfg = Release|Win32
		{E8A3F6FA-AE1C-4C8E-A0B6-9C8480324EAA}.Release|Win32.Build.0 = Release|Win32
		{F11B43F2-53A3-4F0D-9D0E-52723E4E98BC}.Debug|Win32.ActiveCfg = Debug|Win32
		{F11B43F2-53A3-4F0D-9D0E-52723E4E98BC}.Debug|Win32.Build.0 = Debug|Win32
		{F11B43F2-53A3-4F0D-9D0E-52723E4E98BC}.Release|Win32.ActiveCfg = Release|Win32
		{F11B43F2-53A3-4F0D-9D0E-52723E4E98BC}.Release|Win32.Build.0 = Release|Win32
		{05A99009-23E7-47A0-844C-700D37D36F33}.Debug|Win32.ActiveCfg = Debug|Win32
		{05A99009-23E7-47A0-844C-700D37D36F33}.Debug|Win32.Build.0 = Debug|Win32
		{05A99009-23E7-47A0-844C-700D37D36F33}.Release|Win32.ActiveCfg = Release|Win32
		{05A99009-23E7-47A0-844C-700D37D36F33}.Release|Win32.Build.0 = Release|Win32
		{35B95D64-36AA-45DF-AF32-8ABED588AECE}.Debug|Win32.ActiveCfg = Debug|Win32
		{35B95D64-36AA-45DF-AF32-8ABED588AECE}.Debug|Win32.Build.0 = Debug|Win32
		{35B95D64-36AA-45DF-AF32-8ABED588AECE}.Release|Win32.ActiveCfg = Release|Win32
		{35B95D64-36AA-45DF-AF32-8ABED588AECE}.Release|Win32.Build.0 = Release|Win32
		{834C9E50-4FC6-4F2D-80F3-9E7530221768}.Debug|Win32.ActiveCfg = Debug|Win32
		{834C9E50-4FC6-4F2D-80F3-9E7530221768}.Debug|Win32.Build.0 = Debug|Win32
		{834C9E50-4FC6-4F2D-80F3-9E7530221768}.Release|Win32.ActiveCfg = Release|Win32
		{834C9E50-4FC6-4F2D-80F3-9E7530221768}.Release|Win32.Build.0 = Release|Win32
		{22A7CA13-A0A7-4F7D-8B12-5E61515F04E0}.Debug|Win32.ActiveCfg = Debug|Win32
		{22A7CA13-A0A7-4F7D-8B12-5E61515F04E0}.Debug|Win32.Build.0 = Debug|Win32
		{22A7CA13-A0A7-4F7D-8B12-5E61515F04E0}.Release|Win32.ActiveCfg = Release|Win32
		{22A7CA13-A0A7-4F7D-8B12-5E61515F04E0}.Release|Win32.Build.0 = Release|Win32
		{39469123-3EB7-45F3-A15B-3854DFD2C2EB}.Debug|Win32.ActiveCfg = Debug|Win32
		{39469123-3EB7-45F3-A15B-3854DFD2C2EB}.Debug|Win32.Build.0 = Debug|Win32
		{39469123-3EB7-45F3-A15B-3854DFD2C2EB}.Release|Win32.ActiveCfg = Release|Win32
		{39469123-3EB7-45F3-A15B-3854DFD2C2EB}.Release|Win32.Build.0 = Release|Win32
		{588AEAE9-3E07-420B-B51D-D9D2E81D4EC8}.Debug|Win32.ActiveCfg = Debug|Win32
		{588AEAE9-3E07-420B-B51D-D9D2E81D4EC8}.Debug|Win32.Build.0 = Debug|Win32
		{588AEAE9-3E07-420B-B51D-D9D2E81D4EC8}.Release|Win32.ActiveCfg = Release|Win32
		{588AEAE9-3E07-420B-B51D-D9D2E81D4EC8}.Release|Win32.Build.0 = Release|Win32
		{2F6EF741-0EE0-4580-88BE-35E556387D45}.Debug|Win32.ActiveCfg = Debug|Win32
		{2F6EF741-0EE0-4580-88BE-35E556387D45}.Debug|Win32.Build.0 = Debug|Win32
		{2F6EF741-0EE0-4580-88BE-35E556387D45}.Release|Win32.ActiveCfg = Release|Win32
		{2F6EF741-0EE0-4580-88BE-35E556387D45}.Release|Win32.Build.0 = Release|Win32
	EndGlobalSection
	GlobalSection(SolutionProperties) = preSolution
		HideSolutionNode = FALSE
	EndGlobalSection
EndGlobal
