<?xml version="1.0" encoding="utf-8"?>
<Project ToolsVersion="4.0" xmlns="http://schemas.microsoft.com/developer/msbuild/2003">
  <ItemGroup>
    <Filter Include="Source Files">
      <UniqueIdentifier>{4FC737F1-C7A5-4376-A066-2A32D752A2FF}</UniqueIdentifier>
      <Extensions>cpp;c;cc;cxx;def;odl;idl;hpj;bat;asm;asmx</Extensions>
    </Filter>
    <Filter Include="Header Files">
      <UniqueIdentifier>{93995380-89BD-4b04-88EB-625FBE52EBFB}</UniqueIdentifier>
      <Extensions>h;hpp;hxx;hm;inl;inc;xsd</Extensions>
    </Filter>
    <Filter Include="Resource Files">
      <UniqueIdentifier>{67DA6AB6-F800-4c08-8B7A-83BB121AAD01}</UniqueIdentifier>
      <Extensions>rc;ico;cur;bmp;dlg;rc2;rct;bin;rgs;gif;jpg;jpeg;jpe;resx;tiff;tif;png;wav</Extensions>
    </Filter>
  </ItemGroup>
  <ItemGroup>
    <ClCompile Include="..\..\..\..\..\Source\RtvcLib\Image\PicConcatRGB24Impl.cpp">
      <Filter>Source Files</Filter>
    </ClCompile>
    <ClCompile Include="..\..\..\..\..\Source\RtvcLib\Image\PicConcatRGB32Impl.cpp">
      <Filter>Source Files</Filter>
    </ClCompile>
    <ClCompile Include="..\..\..\..\..\Source\RtvcLib\Image\PicCropperRGB24Impl.cpp">
      <Filter>Source Files</Filter>
    </ClCompile>
    <ClCompile Include="..\..\..\..\..\Source\RtvcLib\Image\PicCropperRGB32Impl.cpp">
      <Filter>Source Files</Filter>
    </ClCompile>
    <ClCompile Include="..\..\..\..\..\Source\RtvcLib\Image\PicInPicRGB24Impl.cpp">
      <Filter>Source Files</Filter>
    </ClCompile>
    <ClCompile Include="..\..\..\..\..\Source\RtvcLib\Image\PicInPicRGB32Impl.cpp">
      <Filter>Source Files</Filter>
    </ClCompile>
    <ClCompile Include="..\..\..\..\..\Source\RtvcLib\Image\PicRotateRGB24Impl.cpp">
      <Filter>Source Files</Filter>
    </ClCompile>
    <ClCompile Include="..\..\..\..\..\Source\RtvcLib\Image\PicRotateRGB32Impl.cpp">
      <Filter>Source Files</Filter>
    </ClCompile>
    <ClCompile Include="..\..\..\..\..\Source\RtvcLib\Image\PicRotateRGBBase.cpp">
      <Filter>Source Files</Filter>
    </ClCompile>
    <ClCompile Include="..\..\..\..\..\Source\RtvcLib\Image\PicScalerRGB24Impl.cpp">
      <Filter>Source Files</Filter>
    </ClCompile>
    <ClCompile Include="..\..\..\..\..\Source\RtvcLib\Image\PicScalerYUV420PImpl.cpp">
      <Filter>Source Files</Filter>
    </ClCompile>
    <ClCompile Include="..\..\..\..\..\Source\RtvcLib\Image\RealRGB24toYUV420Converter.cpp">
      <Filter>Source Files</Filter>
    </ClCompile>
    <ClCompile Include="..\..\..\..\..\Source\RtvcLib\Image\RealRGB32toYUV420Converter.cpp">
      <Filter>Source Files</Filter>
    </ClCompile>
    <ClCompile Include="..\..\..\..\..\Source\RtvcLib\Image\RealYUV420toRGB24Converter.cpp">
      <Filter>Source Files</Filter>
    </ClCompile>
    <ClCompile Include="..\..\..\..\..\Source\RtvcLib\Image\ImageHandlerV2.cpp">
      <Filter>Source Files</Filter>
    </ClCompile>
    <ClCompile Include="..\..\..\..\..\Source\RtvcLib\Image\OverlayExtMem2Dv2.cpp">
      <Filter>Source Files</Filter>
    </ClCompile>
    <ClCompile Include="..\..\..\..\..\Source\RtvcLib\Image\OverlayMem2Dv2.cpp">
      <Filter>Source Files</Filter>
    </ClCompile>
    <ClCompile Include="..\..\..\..\..\Source\RtvcLib\Image\RealRGB24toYUV420ConverterImpl2.cpp">
      <Filter>Source Files</Filter>
    </ClCompile>
    <ClCompile Include="..\..\..\..\..\Source\RtvcLib\Image\RealYUV420toRGB24ConverterImpl2.cpp">
      <Filter>Source Files</Filter>
    </ClCompile>
    <ClCompile Include="..\..\..\..\..\Source\RtvcLib\Image\FastFixedPointRGB24toYUV420Converter.cpp">
      <Filter>Source Files</Filter>
    </ClCompile>
    <ClCompile Include="..\..\..\..\..\Source\RtvcLib\Image\FastGpuRGB24toYUV420Converter.cpp">
      <Filter>Source Files</Filter>
    </ClCompile>
    <ClCompile Include="..\..\..\..\..\Source\RtvcLib\Image\FastLookupTableRGB24toYUV420Converter.cpp">
      <Filter>Source Files</Filter>
    </ClCompile>
    <ClCompile Include="..\..\..\..\..\Source\RtvcLib\Image\FastSimdRGB24toYUV420Converter.cpp">
      <Filter>Source Files</Filter>
    </ClCompile>
  </ItemGroup>
  <ItemGroup>
    <ClInclude Include="..\..\..\..\..\Source\RtvcLib\Image\PicConcatBase.h">
      <Filter>Header Files</Filter>
    </ClInclude>
    <ClInclude Include="..\..\..\..\..\Source\RtvcLib\Image\PicConcatRGB24Impl.h">
      <Filter>Header Files</Filter>
    </ClInclude>
    <ClInclude Include="..\..\..\..\..\Source\RtvcLib\Image\PicConcatRGB32Impl.h">
      <Filter>Header Files</Filter>
    </ClInclude>
    <ClInclude Include="..\..\..\..\..\Source\RtvcLib\Image\PicCropperBase.h">
      <Filter>Header Files</Filter>
    </ClInclude>
    <ClInclude Include="..\..\..\..\..\Source\RtvcLib\Image\PicCropperRGB24Impl.h">
      <Filter>Header Files</Filter>
    </ClInclude>
    <ClInclude Include="..\..\..\..\..\Source\RtvcLib\Image\PicCropperRGB32Impl.h">
      <Filter>Header Files</Filter>
    </ClInclude>
    <ClInclude Include="..\..\..\..\..\Source\RtvcLib\Image\PicInPicBase.h">
      <Filter>Header Files</Filter>
    </ClInclude>
    <ClInclude Include="..\..\..\..\..\Source\RtvcLib\Image\PicInPicRGB24Impl.h">
      <Filter>Header Files</Filter>
    </ClInclude>
    <ClInclude Include="..\..\..\..\..\Source\RtvcLib\Image\PicInPicRGB32Impl.h">
      <Filter>Header Files</Filter>
    </ClInclude>
    <ClInclude Include="..\..\..\..\..\Source\RtvcLib\Image\PicRotateBase.h">
      <Filter>Header Files</Filter>
    </ClInclude>
    <ClInclude Include="..\..\..\..\..\Source\RtvcLib\Image\PicRotateRGB24Impl.h">
      <Filter>Header Files</Filter>
    </ClInclude>
    <ClInclude Include="..\..\..\..\..\Source\RtvcLib\Image\PicRotateRGB32Impl.h">
      <Filter>Header Files</Filter>
    </ClInclude>
    <ClInclude Include="..\..\..\..\..\Source\RtvcLib\Image\PicRotateRGBBase.h">
      <Filter>Header Files</Filter>
    </ClInclude>
    <ClInclude Include="..\..\..\..\..\Source\RtvcLib\Image\PicScalerBase.h">
      <Filter>Header Files</Filter>
    </ClInclude>
    <ClInclude Include="..\..\..\..\..\Source\RtvcLib\Image\PicScalerRGB24Impl.h">
      <Filter>Header Files</Filter>
    </ClInclude>
    <ClInclude Include="..\..\..\..\..\Source\RtvcLib\Image\PicScalerYUV420PImpl.h">
      <Filter>Header Files</Filter>
    </ClInclude>
    <ClInclude Include="..\..\..\..\..\Source\RtvcLib\Image\RealRGB24toYUV420Converter.h">
      <Filter>Header Files</Filter>
    </ClInclude>
    <ClInclude Include="..\..\..\..\..\Source\RtvcLib\Image\RealRGB32toYUV420Converter.h">
      <Filter>Header Files</Filter>
    </ClInclude>
    <ClInclude Include="..\..\..\..\..\Source\RtvcLib\Image\RealYUV420toRGB24Converter.h">
      <Filter>Header Files</Filter>
    </ClInclude>
    <ClInclude Include="..\..\..\..\..\Source\RtvcLib\Image\RGBtoRGBConverter.h">
      <Filter>Header Files</Filter>
    </ClInclude>
    <ClInclude Include="..\..\..\..\..\Source\RtvcLib\Image\RGBtoYUV420Converter.h">
      <Filter>Header Files</Filter>
    </ClInclude>
    <ClInclude Include="..\..\..\..\..\Source\RtvcLib\Image\YUV420toRGBConverter.h">
      <Filter>Header Files</Filter>
    </ClInclude>
    <ClInclude Include="..\..\..\..\..\Source\RtvcLib\Image\ImageHandlerV2.h">
      <Filter>Header Files</Filter>
    </ClInclude>
    <ClInclude Include="..\..\..\..\..\Source\RtvcLib\Image\OverlayExtMem2Dv2.h">
      <Filter>Header Files</Filter>
    </ClInclude>
    <ClInclude Include="..\..\..\..\..\Source\RtvcLib\Image\OverlayMem2Dv2.h">
      <Filter>Header Files</Filter>
    </ClInclude>
    <ClInclude Include="..\..\..\..\..\Source\RtvcLib\Image\RealRGB24toYUV420ConverterImpl2.h">
      <Filter>Header Files</Filter>
    </ClInclude>
    <ClInclude Include="..\..\..\..\..\Source\RtvcLib\Image\RealYUV420toRGB24ConverterImpl2.h">
      <Filter>Header Files</Filter>
    </ClInclude>
    <ClInclude Include="..\..\..\..\..\Source\RtvcLib\Image\FastFixedPointRGB24toYUV420Converter.h">
      <Filter>Header Files</Filter>
    </ClInclude>
    <ClInclude Include="..\..\..\..\..\Source\RtvcLib\Image\FastGpuRGB24toYUV420Converter.h">
      <Filter>Header Files</Filter>
    </ClInclude>
    <ClInclude Include="..\..\..\..\..\Source\RtvcLib\Image\FastLookupTableRGB24toYUV420Converter.h">
      <Filter>Header Files</Filter>
    </ClInclude>
    <ClInclude Include="..\..\..\..\..\Source\RtvcLib\Image\FastSimdRGB24toYUV420Converter.h">
      <Filter>Header Files</Filter>
    </ClInclude>
  </ItemGroup>
</Project>